{
  "name": "22021101_INT3505E_02_demo",
  "lockfileVersion": 3,
  "requires": true,
  "packages": {
    "": {
      "dependencies": {
        "swagger-nodegen-cli": "^3.0.34"
      }
    },
    "node_modules/swagger-nodegen-cli": {
      "version": "3.0.34",
      "resolved": "https://registry.npmjs.org/swagger-nodegen-cli/-/swagger-nodegen-cli-3.0.34.tgz",
      "integrity": "sha512-XUJc7Z8zMX5MdHYDJW2g0xVHLf5qCNg8B+6xjCimu6jvENR8MicutqiZphnid89dpAxBvKEB5S95jVP1BH5qrw==",
      "license": "Apache-2.0",
      "dependencies": {
        "user": "^0.0.0"
      },
      "bin": {
        "sc": "bin/swagger-codegen-cli.js",
        "swagger-codegen-cli": "bin/swagger-codegen-cli.js",
        "swagger-nodegen-cli": "bin/swagger-codegen-cli.js"
      }
    },
    "node_modules/user": {
      "version": "0.0.0",
      "resolved": "https://registry.npmjs.org/user/-/user-0.0.0.tgz",
      "integrity": "sha512-eRNM5isOvr6aEFAGi1CqAkmLkYxW2NJ5ThhbD+6IJXYKM1mo7Gtxx4mQIveHz/5K3p/SVnlW9k17ETn+QAu8IQ==",
      "license": "MIT"
    }
  }
}
